// !$*UTF8*$!
{
	archiveVersion = 1;
	classes = {
	};
	objectVersion = 46;
	objects = {

/* Begin PBXBuildFile section */
		DA03CBCE199F4C4700406720 /* Foundation.framework in Frameworks */ = {isa = PBXBuildFile; fileRef = DA03CBCD199F4C4700406720 /* Foundation.framework */; };
		DA03CBD0199F4C4700406720 /* CoreGraphics.framework in Frameworks */ = {isa = PBXBuildFile; fileRef = DA03CBCF199F4C4700406720 /* CoreGraphics.framework */; };
		DA03CBD2199F4C4700406720 /* UIKit.framework in Frameworks */ = {isa = PBXBuildFile; fileRef = DA03CBD1199F4C4700406720 /* UIKit.framework */; };
		DA03CBD4199F4C4700406720 /* SpriteKit.framework in Frameworks */ = {isa = PBXBuildFile; fileRef = DA03CBD3199F4C4700406720 /* SpriteKit.framework */; };
		DA03CBDA199F4C4700406720 /* InfoPlist.strings in Resources */ = {isa = PBXBuildFile; fileRef = DA03CBD8199F4C4700406720 /* InfoPlist.strings */; };
		DA03CBDC199F4C4700406720 /* main.m in Sources */ = {isa = PBXBuildFile; fileRef = DA03CBDB199F4C4700406720 /* main.m */; };
		DA03CBE0199F4C4700406720 /* plpAppDelegate.m in Sources */ = {isa = PBXBuildFile; fileRef = DA03CBDF199F4C4700406720 /* plpAppDelegate.m */; };
		DA03CBE3199F4C4700406720 /* Main.storyboard in Resources */ = {isa = PBXBuildFile; fileRef = DA03CBE1199F4C4700406720 /* Main.storyboard */; };
		DA03CBE9199F4C4700406720 /* plpViewController.m in Sources */ = {isa = PBXBuildFile; fileRef = DA03CBE8199F4C4700406720 /* plpViewController.m */; };
		DA03CBEC199F4C4700406720 /* plpMyScene.m in Sources */ = {isa = PBXBuildFile; fileRef = DA03CBEB199F4C4700406720 /* plpMyScene.m */; };
		DA03CBF0199F4C4700406720 /* Images.xcassets in Resources */ = {isa = PBXBuildFile; fileRef = DA03CBEF199F4C4700406720 /* Images.xcassets */; };
		DA03CBF7199F4C4700406720 /* XCTest.framework in Frameworks */ = {isa = PBXBuildFile; fileRef = DA03CBF6199F4C4700406720 /* XCTest.framework */; };
		DA03CBF8199F4C4700406720 /* Foundation.framework in Frameworks */ = {isa = PBXBuildFile; fileRef = DA03CBCD199F4C4700406720 /* Foundation.framework */; };
		DA03CBF9199F4C4700406720 /* UIKit.framework in Frameworks */ = {isa = PBXBuildFile; fileRef = DA03CBD1199F4C4700406720 /* UIKit.framework */; };
		DA10C1A31D5BEBBD00579F1F /* Level_objects_img in Resources */ = {isa = PBXBuildFile; fileRef = DA10C1A21D5BEBBD00579F1F /* Level_objects_img */; };
		DA10C1A51D5BF3F900579F1F /* UI_img in Resources */ = {isa = PBXBuildFile; fileRef = DA10C1A41D5BF3F900579F1F /* UI_img */; };
		DA10C1A71D5BFB6400579F1F /* edgar.atlas in Resources */ = {isa = PBXBuildFile; fileRef = DA10C1A61D5BFB6400579F1F /* edgar.atlas */; };
		DA1BE6F01B81256000DA2E47 /* plpEnemy.m in Sources */ = {isa = PBXBuildFile; fileRef = DA1BE6EF1B81256000DA2E47 /* plpEnemy.m */; };
		DA2429B6233960A10027DB3E /* EdgarLife-ui.png in Resources */ = {isa = PBXBuildFile; fileRef = DA2429B4233960A10027DB3E /* EdgarLife-ui.png */; };
		DA2429B7233960A10027DB3E /* classeurs-ui.png in Resources */ = {isa = PBXBuildFile; fileRef = DA2429B5233960A10027DB3E /* classeurs-ui.png */; };
		DA2429B9233965E50027DB3E /* lampe-test-ui.png in Resources */ = {isa = PBXBuildFile; fileRef = DA2429B8233965E50027DB3E /* lampe-test-ui.png */; };
		DA259370241C0F960055695F /* plpIntroScene.m in Sources */ = {isa = PBXBuildFile; fileRef = DA25936F241C0F960055695F /* plpIntroScene.m */; };
		DA27B8D31C7C3DED0072D2ED /* LaunchScreen1136.png in Resources */ = {isa = PBXBuildFile; fileRef = DA27B8D21C7C3DED0072D2ED /* LaunchScreen1136.png */; };
		DA29F9C723EE9AD500CF4F22 /* LaunchScreen.storyboard in Resources */ = {isa = PBXBuildFile; fileRef = DA29F9C623EE9AD500CF4F22 /* LaunchScreen.storyboard */; };
		DA29F9CB23EE9F2100CF4F22 /* Logo_Launch_Screen.png in Resources */ = {isa = PBXBuildFile; fileRef = DA29F9CA23EE9F2100CF4F22 /* Logo_Launch_Screen.png */; };
		DA519C5D232CE8BE00B4F594 /* gear.png in Resources */ = {isa = PBXBuildFile; fileRef = DA519C5B232CE8BD00B4F594 /* gear.png */; };
		DA519C5E232CE8BE00B4F594 /* sound.png in Resources */ = {isa = PBXBuildFile; fileRef = DA519C5C232CE8BD00B4F594 /* sound.png */; };
		DA5B4A1A1B81133F009507F9 /* plpHero.m in Sources */ = {isa = PBXBuildFile; fileRef = DA5B4A191B81133F009507F9 /* plpHero.m */; };
		DA5B7C98232C2E320009ECE6 /* plpButton.m in Sources */ = {isa = PBXBuildFile; fileRef = DA5B7C97232C2E320009ECE6 /* plpButton.m */; };
		DA5B7C9A232C2E450009ECE6 /* plpButton.h in Sources */ = {isa = PBXBuildFile; fileRef = DA5B7C99232C2E440009ECE6 /* plpButton.h */; };
		DA5CF4CF1B73E8CC005A5C91 /* JSTileMap in Resources */ = {isa = PBXBuildFile; fileRef = DA5CF4CE1B73E8CC005A5C91 /* JSTileMap */; };
		DA5CF4D11B73E907005A5C91 /* libz.dylib in Frameworks */ = {isa = PBXBuildFile; fileRef = DA5CF4D01B73E907005A5C91 /* libz.dylib */; };
		DA5CF4E11B73EB84005A5C91 /* JSTileMap.m in Sources */ = {isa = PBXBuildFile; fileRef = DA5CF4DC1B73EB6E005A5C91 /* JSTileMap.m */; };
		DA5CF4E21B73EB8C005A5C91 /* LFCGzipUtility.m in Sources */ = {isa = PBXBuildFile; fileRef = DA5CF4DE1B73EB6E005A5C91 /* LFCGzipUtility.m */; };
		DA60EAA41B7F38E100A3F927 /* Sounds in Resources */ = {isa = PBXBuildFile; fileRef = DA60EAA31B7F38E100A3F927 /* Sounds */; };
		DA60FCB4223EBB6A005276C6 /* plpSoundController.m in Sources */ = {isa = PBXBuildFile; fileRef = DA60FCB3223EBB6A005276C6 /* plpSoundController.m */; };
		DA60FCB6223EBB88005276C6 /* plpSoundController.h in Sources */ = {isa = PBXBuildFile; fileRef = DA60FCB5223EBB88005276C6 /* plpSoundController.h */; };
		DA614A75245DB3D5006AD8CF /* Arbre_x3.png in Resources */ = {isa = PBXBuildFile; fileRef = DA614A74245DB3D5006AD8CF /* Arbre_x3.png */; };
		DA7485471B86FF5100920C84 /* plpPlatform.m in Sources */ = {isa = PBXBuildFile; fileRef = DA7485461B86FF5100920C84 /* plpPlatform.m */; };
		DA984E371C0B478A00B13A08 /* LaunchScreen960.png in Resources */ = {isa = PBXBuildFile; fileRef = DA984E361C0B478A00B13A08 /* LaunchScreen960.png */; };
		DA9ADE431D5C05A800254A58 /* menuButton.png in Resources */ = {isa = PBXBuildFile; fileRef = DA9ADE411D5C05A800254A58 /* menuButton.png */; };
		DA9ADE441D5C05A800254A58 /* repeatButton.png in Resources */ = {isa = PBXBuildFile; fileRef = DA9ADE421D5C05A800254A58 /* repeatButton.png */; };
		DA9BC04E23072C1B00ACC878 /* SoundButton.png in Resources */ = {isa = PBXBuildFile; fileRef = DA9BC04D23072C1B00ACC878 /* SoundButton.png */; };
		DA9BC0502307335600ACC878 /* plpSoundViewController.m in Sources */ = {isa = PBXBuildFile; fileRef = DA9BC04F2307335600ACC878 /* plpSoundViewController.m */; };
		DA9BC0522307336600ACC878 /* plpSoundViewController.h in Sources */ = {isa = PBXBuildFile; fileRef = DA9BC0512307336500ACC878 /* plpSoundViewController.h */; };
		DAB5E1421C21DD2800809756 /* edgarsaute.atlas in Resources */ = {isa = PBXBuildFile; fileRef = DAB5E1411C21DD2800809756 /* edgarsaute.atlas */; };
		DABCE3491D5BE8A900C277BB /* Levels in Resources */ = {isa = PBXBuildFile; fileRef = DABCE3481D5BE8A900C277BB /* Levels */; };
		DAC45078241ECBF300BFBE9C /* scenes.atlas in Resources */ = {isa = PBXBuildFile; fileRef = DA824556241AEA95007843AD /* scenes.atlas */; };
		DAC49B1C232CF63400C72985 /* plpPrefsViewController.m in Sources */ = {isa = PBXBuildFile; fileRef = DAC49B1A232CF63400C72985 /* plpPrefsViewController.m */; };
		DAD058521A08288200DAE3E8 /* monstre.atlas in Resources */ = {isa = PBXBuildFile; fileRef = DAD058511A08288200DAE3E8 /* monstre.atlas */; };
		DAD1509F233161C800334FF3 /* Arrow.png in Resources */ = {isa = PBXBuildFile; fileRef = DAD1509E233161C800334FF3 /* Arrow.png */; };
		DADBE51A1C0A5E9A004469EA /* Media.xcassets in Resources */ = {isa = PBXBuildFile; fileRef = DADBE5191C0A5E9A004469EA /* Media.xcassets */; };
		DAE713DB1C0FA87500ED9139 /* Play.png in Resources */ = {isa = PBXBuildFile; fileRef = DAE713DA1C0FA87500ED9139 /* Play.png */; };
		DAF2CB141B83B8B000FC7FF1 /* plpTrain.m in Sources */ = {isa = PBXBuildFile; fileRef = DAF2CB131B83B8B000FC7FF1 /* plpTrain.m */; };
		DAF381B41B9E2E21008B4D5D /* plpItem.m in Sources */ = {isa = PBXBuildFile; fileRef = DAF381B31B9E2E21008B4D5D /* plpItem.m */; };
/* End PBXBuildFile section */

/* Begin PBXContainerItemProxy section */
		DA03CBFA199F4C4700406720 /* PBXContainerItemProxy */ = {
			isa = PBXContainerItemProxy;
			containerPortal = DA03CBC2199F4C4700406720 /* Project object */;
			proxyType = 1;
			remoteGlobalIDString = DA03CBC9199F4C4700406720;
			remoteInfo = "Maze Escape";
		};
		DA73B8521D02328400ED027D /* PBXContainerItemProxy */ = {
			isa = PBXContainerItemProxy;
			containerPortal = DA03CBC2199F4C4700406720 /* Project object */;
			proxyType = 1;
			remoteGlobalIDString = DA03CBC9199F4C4700406720;
			remoteInfo = Edgar_the_Explorer;
		};
/* End PBXContainerItemProxy section */

/* Begin PBXFileReference section */
		DA03CBCA199F4C4700406720 /* Edgar Explorer.app */ = {isa = PBXFileReference; explicitFileType = wrapper.application; includeInIndex = 0; path = "Edgar Explorer.app"; sourceTree = BUILT_PRODUCTS_DIR; };
		DA03CBCD199F4C4700406720 /* Foundation.framework */ = {isa = PBXFileReference; lastKnownFileType = wrapper.framework; name = Foundation.framework; path = System/Library/Frameworks/Foundation.framework; sourceTree = SDKROOT; };
		DA03CBCF199F4C4700406720 /* CoreGraphics.framework */ = {isa = PBXFileReference; lastKnownFileType = wrapper.framework; name = CoreGraphics.framework; path = System/Library/Frameworks/CoreGraphics.framework; sourceTree = SDKROOT; };
		DA03CBD1199F4C4700406720 /* UIKit.framework */ = {isa = PBXFileReference; lastKnownFileType = wrapper.framework; name = UIKit.framework; path = System/Library/Frameworks/UIKit.framework; sourceTree = SDKROOT; };
		DA03CBD3199F4C4700406720 /* SpriteKit.framework */ = {isa = PBXFileReference; lastKnownFileType = wrapper.framework; name = SpriteKit.framework; path = System/Library/Frameworks/SpriteKit.framework; sourceTree = SDKROOT; };
		DA03CBD7199F4C4700406720 /* Edgar_the_Explorer-Info.plist */ = {isa = PBXFileReference; lastKnownFileType = text.plist.xml; path = "Edgar_the_Explorer-Info.plist"; sourceTree = "<group>"; };
		DA03CBD9199F4C4700406720 /* en */ = {isa = PBXFileReference; lastKnownFileType = text.plist.strings; name = en; path = en.lproj/InfoPlist.strings; sourceTree = "<group>"; };
		DA03CBDB199F4C4700406720 /* main.m */ = {isa = PBXFileReference; lastKnownFileType = sourcecode.c.objc; path = main.m; sourceTree = "<group>"; };
		DA03CBDD199F4C4700406720 /* Edgar_the_Explorer-Prefix.pch */ = {isa = PBXFileReference; lastKnownFileType = sourcecode.c.h; path = "Edgar_the_Explorer-Prefix.pch"; sourceTree = "<group>"; };
		DA03CBDE199F4C4700406720 /* plpAppDelegate.h */ = {isa = PBXFileReference; lastKnownFileType = sourcecode.c.h; path = plpAppDelegate.h; sourceTree = "<group>"; };
		DA03CBDF199F4C4700406720 /* plpAppDelegate.m */ = {isa = PBXFileReference; lastKnownFileType = sourcecode.c.objc; path = plpAppDelegate.m; sourceTree = "<group>"; };
		DA03CBE2199F4C4700406720 /* Base */ = {isa = PBXFileReference; lastKnownFileType = file.storyboard; name = Base; path = Base.lproj/Main.storyboard; sourceTree = "<group>"; };
		DA03CBE7199F4C4700406720 /* plpViewController.h */ = {isa = PBXFileReference; lastKnownFileType = sourcecode.c.h; path = plpViewController.h; sourceTree = "<group>"; };
		DA03CBE8199F4C4700406720 /* plpViewController.m */ = {isa = PBXFileReference; lastKnownFileType = sourcecode.c.objc; path = plpViewController.m; sourceTree = "<group>"; };
		DA03CBEA199F4C4700406720 /* plpMyScene.h */ = {isa = PBXFileReference; lastKnownFileType = sourcecode.c.h; path = plpMyScene.h; sourceTree = "<group>"; };
		DA03CBEB199F4C4700406720 /* plpMyScene.m */ = {isa = PBXFileReference; fileEncoding = 4; lastKnownFileType = sourcecode.c.objc; path = plpMyScene.m; sourceTree = "<group>"; };
		DA03CBEF199F4C4700406720 /* Images.xcassets */ = {isa = PBXFileReference; lastKnownFileType = folder.assetcatalog; path = Images.xcassets; sourceTree = "<group>"; };
		DA03CBF5199F4C4700406720 /* Edgar_the_ExplorerTests.xctest */ = {isa = PBXFileReference; explicitFileType = wrapper.cfbundle; includeInIndex = 0; path = Edgar_the_ExplorerTests.xctest; sourceTree = BUILT_PRODUCTS_DIR; };
		DA03CBF6199F4C4700406720 /* XCTest.framework */ = {isa = PBXFileReference; lastKnownFileType = wrapper.framework; name = XCTest.framework; path = Library/Frameworks/XCTest.framework; sourceTree = DEVELOPER_DIR; };
		DA10C1A21D5BEBBD00579F1F /* Level_objects_img */ = {isa = PBXFileReference; lastKnownFileType = folder; path = Level_objects_img; sourceTree = "<group>"; };
		DA10C1A41D5BF3F900579F1F /* UI_img */ = {isa = PBXFileReference; lastKnownFileType = folder; path = UI_img; sourceTree = "<group>"; };
		DA10C1A61D5BFB6400579F1F /* edgar.atlas */ = {isa = PBXFileReference; lastKnownFileType = folder.skatlas; path = edgar.atlas; sourceTree = "<group>"; };
		DA1BE6EE1B81256000DA2E47 /* plpEnemy.h */ = {isa = PBXFileReference; fileEncoding = 4; lastKnownFileType = sourcecode.c.h; path = plpEnemy.h; sourceTree = "<group>"; };
		DA1BE6EF1B81256000DA2E47 /* plpEnemy.m */ = {isa = PBXFileReference; fileEncoding = 4; lastKnownFileType = sourcecode.c.objc; path = plpEnemy.m; sourceTree = "<group>"; };
		DA2429B4233960A10027DB3E /* EdgarLife-ui.png */ = {isa = PBXFileReference; lastKnownFileType = image.png; name = "EdgarLife-ui.png"; path = "UI_img/EdgarLife-ui.png"; sourceTree = "<group>"; };
		DA2429B5233960A10027DB3E /* classeurs-ui.png */ = {isa = PBXFileReference; lastKnownFileType = image.png; name = "classeurs-ui.png"; path = "UI_img/classeurs-ui.png"; sourceTree = "<group>"; };
		DA2429B8233965E50027DB3E /* lampe-test-ui.png */ = {isa = PBXFileReference; lastKnownFileType = image.png; name = "lampe-test-ui.png"; path = "UI_img/lampe-test-ui.png"; sourceTree = "<group>"; };
		DA25936F241C0F960055695F /* plpIntroScene.m */ = {isa = PBXFileReference; lastKnownFileType = sourcecode.c.objc; path = plpIntroScene.m; sourceTree = "<group>"; };
		DA27B8D21C7C3DED0072D2ED /* LaunchScreen1136.png */ = {isa = PBXFileReference; lastKnownFileType = image.png; path = LaunchScreen1136.png; sourceTree = "<group>"; };
		DA29F9C623EE9AD500CF4F22 /* LaunchScreen.storyboard */ = {isa = PBXFileReference; lastKnownFileType = file.storyboard; path = LaunchScreen.storyboard; sourceTree = "<group>"; };
		DA29F9CA23EE9F2100CF4F22 /* Logo_Launch_Screen.png */ = {isa = PBXFileReference; lastKnownFileType = image.png; path = Logo_Launch_Screen.png; sourceTree = "<group>"; };
		DA519C5B232CE8BD00B4F594 /* gear.png */ = {isa = PBXFileReference; lastKnownFileType = image.png; name = gear.png; path = "External-media/gear.png"; sourceTree = SOURCE_ROOT; };
		DA519C5C232CE8BD00B4F594 /* sound.png */ = {isa = PBXFileReference; lastKnownFileType = image.png; name = sound.png; path = "External-media/sound.png"; sourceTree = SOURCE_ROOT; };
		DA5B4A181B81133F009507F9 /* plpHero.h */ = {isa = PBXFileReference; fileEncoding = 4; lastKnownFileType = sourcecode.c.h; path = plpHero.h; sourceTree = "<group>"; };
		DA5B4A191B81133F009507F9 /* plpHero.m */ = {isa = PBXFileReference; fileEncoding = 4; lastKnownFileType = sourcecode.c.objc; path = plpHero.m; sourceTree = "<group>"; };
		DA5B7C97232C2E320009ECE6 /* plpButton.m */ = {isa = PBXFileReference; lastKnownFileType = sourcecode.c.objc; path = plpButton.m; sourceTree = "<group>"; };
		DA5B7C99232C2E440009ECE6 /* plpButton.h */ = {isa = PBXFileReference; lastKnownFileType = sourcecode.c.h; path = plpButton.h; sourceTree = "<group>"; };
		DA5CF4CE1B73E8CC005A5C91 /* JSTileMap */ = {isa = PBXFileReference; lastKnownFileType = folder; path = JSTileMap; sourceTree = "<group>"; };
		DA5CF4D01B73E907005A5C91 /* libz.dylib */ = {isa = PBXFileReference; lastKnownFileType = "compiled.mach-o.dylib"; name = libz.dylib; path = usr/lib/libz.dylib; sourceTree = SDKROOT; };
		DA5CF4DB1B73EB6E005A5C91 /* JSTileMap.h */ = {isa = PBXFileReference; fileEncoding = 4; lastKnownFileType = sourcecode.c.h; path = JSTileMap.h; sourceTree = "<group>"; };
		DA5CF4DC1B73EB6E005A5C91 /* JSTileMap.m */ = {isa = PBXFileReference; fileEncoding = 4; lastKnownFileType = sourcecode.c.objc; path = JSTileMap.m; sourceTree = "<group>"; };
		DA5CF4DD1B73EB6E005A5C91 /* LFCGzipUtility.h */ = {isa = PBXFileReference; fileEncoding = 4; lastKnownFileType = sourcecode.c.h; path = LFCGzipUtility.h; sourceTree = "<group>"; };
		DA5CF4DE1B73EB6E005A5C91 /* LFCGzipUtility.m */ = {isa = PBXFileReference; fileEncoding = 4; lastKnownFileType = sourcecode.c.objc; path = LFCGzipUtility.m; sourceTree = "<group>"; };
		DA60EAA31B7F38E100A3F927 /* Sounds */ = {isa = PBXFileReference; lastKnownFileType = folder; path = Sounds; sourceTree = "<group>"; };
		DA60FCB3223EBB6A005276C6 /* plpSoundController.m */ = {isa = PBXFileReference; lastKnownFileType = sourcecode.c.objc; path = plpSoundController.m; sourceTree = "<group>"; };
		DA60FCB5223EBB88005276C6 /* plpSoundController.h */ = {isa = PBXFileReference; lastKnownFileType = sourcecode.c.h; path = plpSoundController.h; sourceTree = "<group>"; };
		DA614A74245DB3D5006AD8CF /* Arbre_x3.png */ = {isa = PBXFileReference; lastKnownFileType = image.png; path = Arbre_x3.png; sourceTree = "<group>"; };
		DA73B84D1D02328300ED027D /* Edgar_Explorer_UITests4.xctest */ = {isa = PBXFileReference; explicitFileType = wrapper.cfbundle; includeInIndex = 0; path = Edgar_Explorer_UITests4.xctest; sourceTree = BUILT_PRODUCTS_DIR; };
		DA7485451B86FF5100920C84 /* plpPlatform.h */ = {isa = PBXFileReference; fileEncoding = 4; lastKnownFileType = sourcecode.c.h; path = plpPlatform.h; sourceTree = "<group>"; };
		DA7485461B86FF5100920C84 /* plpPlatform.m */ = {isa = PBXFileReference; fileEncoding = 4; lastKnownFileType = sourcecode.c.objc; path = plpPlatform.m; sourceTree = "<group>"; };
		DA824556241AEA95007843AD /* scenes.atlas */ = {isa = PBXFileReference; lastKnownFileType = folder.skatlas; path = scenes.atlas; sourceTree = "<group>"; };
		DA984E361C0B478A00B13A08 /* LaunchScreen960.png */ = {isa = PBXFileReference; lastKnownFileType = image.png; path = LaunchScreen960.png; sourceTree = "<group>"; };
		DA9ADE411D5C05A800254A58 /* menuButton.png */ = {isa = PBXFileReference; lastKnownFileType = image.png; path = menuButton.png; sourceTree = "<group>"; };
		DA9ADE421D5C05A800254A58 /* repeatButton.png */ = {isa = PBXFileReference; lastKnownFileType = image.png; path = repeatButton.png; sourceTree = "<group>"; };
		DA9BC04D23072C1B00ACC878 /* SoundButton.png */ = {isa = PBXFileReference; lastKnownFileType = image.png; name = SoundButton.png; path = "External-media/SoundButton.png"; sourceTree = SOURCE_ROOT; };
		DA9BC04F2307335600ACC878 /* plpSoundViewController.m */ = {isa = PBXFileReference; lastKnownFileType = sourcecode.c.objc; path = plpSoundViewController.m; sourceTree = "<group>"; };
		DA9BC0512307336500ACC878 /* plpSoundViewController.h */ = {isa = PBXFileReference; lastKnownFileType = sourcecode.c.h; path = plpSoundViewController.h; sourceTree = "<group>"; };
		DAB5E1411C21DD2800809756 /* edgarsaute.atlas */ = {isa = PBXFileReference; lastKnownFileType = folder.skatlas; path = edgarsaute.atlas; sourceTree = "<group>"; };
		DABCE3481D5BE8A900C277BB /* Levels */ = {isa = PBXFileReference; lastKnownFileType = folder; path = Levels; sourceTree = "<group>"; };
		DAC45077241EC07A00BFBE9C /* plpIntroScene.h */ = {isa = PBXFileReference; lastKnownFileType = sourcecode.c.h; path = plpIntroScene.h; sourceTree = "<group>"; };
		DAC49B1A232CF63400C72985 /* plpPrefsViewController.m */ = {isa = PBXFileReference; lastKnownFileType = sourcecode.c.objc; path = plpPrefsViewController.m; sourceTree = "<group>"; };
		DAC49B1B232CF63400C72985 /* plpPrefsViewController.h */ = {isa = PBXFileReference; lastKnownFileType = sourcecode.c.h; path = plpPrefsViewController.h; sourceTree = "<group>"; };
		DAD058511A08288200DAE3E8 /* monstre.atlas */ = {isa = PBXFileReference; lastKnownFileType = folder.skatlas; path = monstre.atlas; sourceTree = "<group>"; };
		DAD1509E233161C800334FF3 /* Arrow.png */ = {isa = PBXFileReference; lastKnownFileType = image.png; name = Arrow.png; path = "External-media/Arrow.png"; sourceTree = SOURCE_ROOT; };
		DADBE5191C0A5E9A004469EA /* Media.xcassets */ = {isa = PBXFileReference; lastKnownFileType = folder.assetcatalog; path = Media.xcassets; sourceTree = "<group>"; };
		DAE713DA1C0FA87500ED9139 /* Play.png */ = {isa = PBXFileReference; lastKnownFileType = image.png; path = Play.png; sourceTree = "<group>"; };
		DAF2CB121B83B8B000FC7FF1 /* plpTrain.h */ = {isa = PBXFileReference; fileEncoding = 4; lastKnownFileType = sourcecode.c.h; path = plpTrain.h; sourceTree = "<group>"; };
		DAF2CB131B83B8B000FC7FF1 /* plpTrain.m */ = {isa = PBXFileReference; fileEncoding = 4; lastKnownFileType = sourcecode.c.objc; path = plpTrain.m; sourceTree = "<group>"; };
		DAF381B21B9E2E21008B4D5D /* plpItem.h */ = {isa = PBXFileReference; fileEncoding = 4; lastKnownFileType = sourcecode.c.h; path = plpItem.h; sourceTree = "<group>"; };
		DAF381B31B9E2E21008B4D5D /* plpItem.m */ = {isa = PBXFileReference; fileEncoding = 4; lastKnownFileType = sourcecode.c.objc; path = plpItem.m; sourceTree = "<group>"; };
/* End PBXFileReference section */

/* Begin PBXFrameworksBuildPhase section */
		DA03CBC7199F4C4700406720 /* Frameworks */ = {
			isa = PBXFrameworksBuildPhase;
			buildActionMask = 2147483647;
			files = (
				DA5CF4D11B73E907005A5C91 /* libz.dylib in Frameworks */,
				DA03CBD0199F4C4700406720 /* CoreGraphics.framework in Frameworks */,
				DA03CBD2199F4C4700406720 /* UIKit.framework in Frameworks */,
				DA03CBD4199F4C4700406720 /* SpriteKit.framework in Frameworks */,
				DA03CBCE199F4C4700406720 /* Foundation.framework in Frameworks */,
			);
			runOnlyForDeploymentPostprocessing = 0;
		};
		DA03CBF2199F4C4700406720 /* Frameworks */ = {
			isa = PBXFrameworksBuildPhase;
			buildActionMask = 2147483647;
			files = (
				DA03CBF7199F4C4700406720 /* XCTest.framework in Frameworks */,
				DA03CBF9199F4C4700406720 /* UIKit.framework in Frameworks */,
				DA03CBF8199F4C4700406720 /* Foundation.framework in Frameworks */,
			);
			runOnlyForDeploymentPostprocessing = 0;
		};
		DA73B84A1D02328300ED027D /* Frameworks */ = {
			isa = PBXFrameworksBuildPhase;
			buildActionMask = 2147483647;
			files = (
			);
			runOnlyForDeploymentPostprocessing = 0;
		};
/* End PBXFrameworksBuildPhase section */

/* Begin PBXGroup section */
		DA03CBC1199F4C4700406720 = {
			isa = PBXGroup;
			children = (
				DADBE5191C0A5E9A004469EA /* Media.xcassets */,
				DA03CBD5199F4C4700406720 /* Maze Escape */,
				DA03CBCC199F4C4700406720 /* Frameworks */,
				DA03CBCB199F4C4700406720 /* Products */,
			);
			sourceTree = "<group>";
		};
		DA03CBCB199F4C4700406720 /* Products */ = {
			isa = PBXGroup;
			children = (
				DA03CBCA199F4C4700406720 /* Edgar Explorer.app */,
				DA03CBF5199F4C4700406720 /* Edgar_the_ExplorerTests.xctest */,
				DA73B84D1D02328300ED027D /* Edgar_Explorer_UITests4.xctest */,
			);
			name = Products;
			sourceTree = "<group>";
		};
		DA03CBCC199F4C4700406720 /* Frameworks */ = {
			isa = PBXGroup;
			children = (
				DA5CF4D01B73E907005A5C91 /* libz.dylib */,
				DA03CBCD199F4C4700406720 /* Foundation.framework */,
				DA03CBCF199F4C4700406720 /* CoreGraphics.framework */,
				DA03CBD1199F4C4700406720 /* UIKit.framework */,
				DA03CBD3199F4C4700406720 /* SpriteKit.framework */,
				DA03CBF6199F4C4700406720 /* XCTest.framework */,
			);
			name = Frameworks;
			sourceTree = "<group>";
		};
		DA03CBD5199F4C4700406720 /* Maze Escape */ = {
			isa = PBXGroup;
			children = (
				DA29F9C523EE955400CF4F22 /* Images */,
				DAD058511A08288200DAE3E8 /* monstre.atlas */,
				DA10C1A41D5BF3F900579F1F /* UI_img */,
				DAE713D71C0FA6D600ED9139 /* UI */,
				DA10C1A21D5BEBBD00579F1F /* Level_objects_img */,
				DABCE3481D5BE8A900C277BB /* Levels */,
				DA03CBE1199F4C4700406720 /* Main.storyboard */,
				DA29F9C623EE9AD500CF4F22 /* LaunchScreen.storyboard */,
				DA824556241AEA95007843AD /* scenes.atlas */,
				DA60EAA31B7F38E100A3F927 /* Sounds */,
				DA10C1A61D5BFB6400579F1F /* edgar.atlas */,
				DAB5E1411C21DD2800809756 /* edgarsaute.atlas */,
				DA03CBDE199F4C4700406720 /* plpAppDelegate.h */,
				DA03CBDF199F4C4700406720 /* plpAppDelegate.m */,
				DA03CBE7199F4C4700406720 /* plpViewController.h */,
				DA03CBE8199F4C4700406720 /* plpViewController.m */,
				DA9BC0512307336500ACC878 /* plpSoundViewController.h */,
				DA9BC04F2307335600ACC878 /* plpSoundViewController.m */,
				DAC49B1B232CF63400C72985 /* plpPrefsViewController.h */,
				DAC49B1A232CF63400C72985 /* plpPrefsViewController.m */,
				DAC45077241EC07A00BFBE9C /* plpIntroScene.h */,
				DA25936F241C0F960055695F /* plpIntroScene.m */,
				DA03CBEA199F4C4700406720 /* plpMyScene.h */,
				DA03CBEB199F4C4700406720 /* plpMyScene.m */,
				DA60FCB5223EBB88005276C6 /* plpSoundController.h */,
				DA60FCB3223EBB6A005276C6 /* plpSoundController.m */,
				DA1E7C6B1C120ED300147FA2 /* Classes */,
				DA5CF4CE1B73E8CC005A5C91 /* JSTileMap */,
				DA03CBEF199F4C4700406720 /* Images.xcassets */,
				DA03CBD6199F4C4700406720 /* Supporting Files */,
			);
			path = "Maze Escape";
			sourceTree = "<group>";
		};
		DA03CBD6199F4C4700406720 /* Supporting Files */ = {
			isa = PBXGroup;
			children = (
				DA03CBD7199F4C4700406720 /* Edgar_the_Explorer-Info.plist */,
				DA03CBD8199F4C4700406720 /* InfoPlist.strings */,
				DA03CBDB199F4C4700406720 /* main.m */,
				DA03CBDD199F4C4700406720 /* Edgar_the_Explorer-Prefix.pch */,
			);
			name = "Supporting Files";
			sourceTree = "<group>";
		};
		DA1E7C6B1C120ED300147FA2 /* Classes */ = {
			isa = PBXGroup;
			children = (
				DA5B7C99232C2E440009ECE6 /* plpButton.h */,
				DA5B7C97232C2E320009ECE6 /* plpButton.m */,
				DAF381B21B9E2E21008B4D5D /* plpItem.h */,
				DAF381B31B9E2E21008B4D5D /* plpItem.m */,
				DAF2CB121B83B8B000FC7FF1 /* plpTrain.h */,
				DAF2CB131B83B8B000FC7FF1 /* plpTrain.m */,
				DA1BE6EE1B81256000DA2E47 /* plpEnemy.h */,
				DA1BE6EF1B81256000DA2E47 /* plpEnemy.m */,
				DA7485451B86FF5100920C84 /* plpPlatform.h */,
				DA7485461B86FF5100920C84 /* plpPlatform.m */,
				DA5B4A181B81133F009507F9 /* plpHero.h */,
				DA5B4A191B81133F009507F9 /* plpHero.m */,
				DA5CF4DB1B73EB6E005A5C91 /* JSTileMap.h */,
				DA5CF4DC1B73EB6E005A5C91 /* JSTileMap.m */,
				DA5CF4DD1B73EB6E005A5C91 /* LFCGzipUtility.h */,
				DA5CF4DE1B73EB6E005A5C91 /* LFCGzipUtility.m */,
			);
			name = Classes;
			sourceTree = "<group>";
		};
		DA29F9C523EE955400CF4F22 /* Images */ = {
			isa = PBXGroup;
			children = (
				DA29F9CA23EE9F2100CF4F22 /* Logo_Launch_Screen.png */,
				DA614A74245DB3D5006AD8CF /* Arbre_x3.png */,
			);
			path = Images;
			sourceTree = "<group>";
		};
		DAE713D71C0FA6D600ED9139 /* UI */ = {
			isa = PBXGroup;
			children = (
				DA2429B8233965E50027DB3E /* lampe-test-ui.png */,
				DA2429B5233960A10027DB3E /* classeurs-ui.png */,
				DA2429B4233960A10027DB3E /* EdgarLife-ui.png */,
				DA519C5B232CE8BD00B4F594 /* gear.png */,
				DA519C5C232CE8BD00B4F594 /* sound.png */,
				DA9BC04D23072C1B00ACC878 /* SoundButton.png */,
				DAD1509E233161C800334FF3 /* Arrow.png */,
				DA9ADE411D5C05A800254A58 /* menuButton.png */,
				DA9ADE421D5C05A800254A58 /* repeatButton.png */,
				DA984E361C0B478A00B13A08 /* LaunchScreen960.png */,
				DA27B8D21C7C3DED0072D2ED /* LaunchScreen1136.png */,
				DAE713DA1C0FA87500ED9139 /* Play.png */,
			);
			name = UI;
			sourceTree = "<group>";
		};
/* End PBXGroup section */

/* Begin PBXNativeTarget section */
		DA03CBC9199F4C4700406720 /* Edgar_the_Explorer */ = {
			isa = PBXNativeTarget;
			buildConfigurationList = DA03CC06199F4C4700406720 /* Build configuration list for PBXNativeTarget "Edgar_the_Explorer" */;
			buildPhases = (
				DA03CBC6199F4C4700406720 /* Sources */,
				DA03CBC7199F4C4700406720 /* Frameworks */,
				DA03CBC8199F4C4700406720 /* Resources */,
			);
			buildRules = (
			);
			dependencies = (
			);
			name = Edgar_the_Explorer;
			productName = "Maze Escape";
			productReference = DA03CBCA199F4C4700406720 /* Edgar Explorer.app */;
			productType = "com.apple.product-type.application";
		};
		DA03CBF4199F4C4700406720 /* Edgar_the_ExplorerTests */ = {
			isa = PBXNativeTarget;
			buildConfigurationList = DA03CC09199F4C4700406720 /* Build configuration list for PBXNativeTarget "Edgar_the_ExplorerTests" */;
			buildPhases = (
				DA03CBF1199F4C4700406720 /* Sources */,
				DA03CBF2199F4C4700406720 /* Frameworks */,
				DA03CBF3199F4C4700406720 /* Resources */,
			);
			buildRules = (
			);
			dependencies = (
				DA03CBFB199F4C4700406720 /* PBXTargetDependency */,
			);
			name = Edgar_the_ExplorerTests;
			productName = "Maze EscapeTests";
			productReference = DA03CBF5199F4C4700406720 /* Edgar_the_ExplorerTests.xctest */;
			productType = "com.apple.product-type.bundle.unit-test";
		};
		DA73B84C1D02328300ED027D /* Edgar_Explorer_UITests4 */ = {
			isa = PBXNativeTarget;
			buildConfigurationList = DA73B8541D02328400ED027D /* Build configuration list for PBXNativeTarget "Edgar_Explorer_UITests4" */;
			buildPhases = (
				DA73B8491D02328300ED027D /* Sources */,
				DA73B84A1D02328300ED027D /* Frameworks */,
				DA73B84B1D02328300ED027D /* Resources */,
			);
			buildRules = (
			);
			dependencies = (
				DA73B8531D02328400ED027D /* PBXTargetDependency */,
			);
			name = Edgar_Explorer_UITests4;
			productName = Edgar_Explorer_UITests4;
			productReference = DA73B84D1D02328300ED027D /* Edgar_Explorer_UITests4.xctest */;
			productType = "com.apple.product-type.bundle.ui-testing";
		};
/* End PBXNativeTarget section */

/* Begin PBXProject section */
		DA03CBC2199F4C4700406720 /* Project object */ = {
			isa = PBXProject;
			attributes = {
				CLASSPREFIX = plp;
				LastSwiftUpdateCheck = 0730;
				LastUpgradeCheck = 1020;
				ORGANIZATIONNAME = Polip;
				TargetAttributes = {
					DA03CBC9199F4C4700406720 = {
						DevelopmentTeam = QMNSE76DMB;
					};
					DA03CBF4199F4C4700406720 = {
						DevelopmentTeam = QMNSE76DMB;
						ProvisioningStyle = Automatic;
						TestTargetID = DA03CBC9199F4C4700406720;
					};
					DA73B84C1D02328300ED027D = {
						CreatedOnToolsVersion = 7.3.1;
						TestTargetID = DA03CBC9199F4C4700406720;
					};
				};
			};
			buildConfigurationList = DA03CBC5199F4C4700406720 /* Build configuration list for PBXProject "Edgar_the_Explorer" */;
			compatibilityVersion = "Xcode 3.2";
			developmentRegion = en;
			hasScannedForEncodings = 0;
			knownRegions = (
				en,
				Base,
			);
			mainGroup = DA03CBC1199F4C4700406720;
			productRefGroup = DA03CBCB199F4C4700406720 /* Products */;
			projectDirPath = "";
			projectRoot = "";
			targets = (
				DA03CBC9199F4C4700406720 /* Edgar_the_Explorer */,
				DA03CBF4199F4C4700406720 /* Edgar_the_ExplorerTests */,
				DA73B84C1D02328300ED027D /* Edgar_Explorer_UITests4 */,
			);
		};
/* End PBXProject section */

/* Begin PBXResourcesBuildPhase section */
		DA03CBC8199F4C4700406720 /* Resources */ = {
			isa = PBXResourcesBuildPhase;
			buildActionMask = 2147483647;
			files = (
				DA984E371C0B478A00B13A08 /* LaunchScreen960.png in Resources */,
				DA10C1A31D5BEBBD00579F1F /* Level_objects_img in Resources */,
				DAC45078241ECBF300BFBE9C /* scenes.atlas in Resources */,
				DA29F9CB23EE9F2100CF4F22 /* Logo_Launch_Screen.png in Resources */,
				DA9ADE431D5C05A800254A58 /* menuButton.png in Resources */,
				DA2429B9233965E50027DB3E /* lampe-test-ui.png in Resources */,
				DA27B8D31C7C3DED0072D2ED /* LaunchScreen1136.png in Resources */,
				DA03CBF0199F4C4700406720 /* Images.xcassets in Resources */,
				DA10C1A71D5BFB6400579F1F /* edgar.atlas in Resources */,
				DA5CF4CF1B73E8CC005A5C91 /* JSTileMap in Resources */,
				DA519C5D232CE8BE00B4F594 /* gear.png in Resources */,
				DAD1509F233161C800334FF3 /* Arrow.png in Resources */,
				DA2429B6233960A10027DB3E /* EdgarLife-ui.png in Resources */,
				DADBE51A1C0A5E9A004469EA /* Media.xcassets in Resources */,
				DAE713DB1C0FA87500ED9139 /* Play.png in Resources */,
				DA29F9C723EE9AD500CF4F22 /* LaunchScreen.storyboard in Resources */,
				DAB5E1421C21DD2800809756 /* edgarsaute.atlas in Resources */,
				DA9ADE441D5C05A800254A58 /* repeatButton.png in Resources */,
				DA03CBE3199F4C4700406720 /* Main.storyboard in Resources */,
				DA03CBDA199F4C4700406720 /* InfoPlist.strings in Resources */,
				DA9BC04E23072C1B00ACC878 /* SoundButton.png in Resources */,
				DA614A75245DB3D5006AD8CF /* Arbre_x3.png in Resources */,
				DA60EAA41B7F38E100A3F927 /* Sounds in Resources */,
				DA10C1A51D5BF3F900579F1F /* UI_img in Resources */,
				DAD058521A08288200DAE3E8 /* monstre.atlas in Resources */,
				DA2429B7233960A10027DB3E /* classeurs-ui.png in Resources */,
				DABCE3491D5BE8A900C277BB /* Levels in Resources */,
				DA519C5E232CE8BE00B4F594 /* sound.png in Resources */,
			);
			runOnlyForDeploymentPostprocessing = 0;
		};
		DA03CBF3199F4C4700406720 /* Resources */ = {
			isa = PBXResourcesBuildPhase;
			buildActionMask = 2147483647;
			files = (
			);
			runOnlyForDeploymentPostprocessing = 0;
		};
		DA73B84B1D02328300ED027D /* Resources */ = {
			isa = PBXResourcesBuildPhase;
			buildActionMask = 2147483647;
			files = (
			);
			runOnlyForDeploymentPostprocessing = 0;
		};
/* End PBXResourcesBuildPhase section */

/* Begin PBXSourcesBuildPhase section */
		DA03CBC6199F4C4700406720 /* Sources */ = {
			isa = PBXSourcesBuildPhase;
			buildActionMask = 2147483647;
			files = (
				DA5CF4E21B73EB8C005A5C91 /* LFCGzipUtility.m in Sources */,
				DAC49B1C232CF63400C72985 /* plpPrefsViewController.m in Sources */,
				DA9BC0522307336600ACC878 /* plpSoundViewController.h in Sources */,
				DA5CF4E11B73EB84005A5C91 /* JSTileMap.m in Sources */,
				DAF381B41B9E2E21008B4D5D /* plpItem.m in Sources */,
				DA03CBDC199F4C4700406720 /* main.m in Sources */,
				DA60FCB4223EBB6A005276C6 /* plpSoundController.m in Sources */,
				DA5B7C9A232C2E450009ECE6 /* plpButton.h in Sources */,
				DA03CBE0199F4C4700406720 /* plpAppDelegate.m in Sources */,
				DA259370241C0F960055695F /* plpIntroScene.m in Sources */,
				DA03CBE9199F4C4700406720 /* plpViewController.m in Sources */,
				DA7485471B86FF5100920C84 /* plpPlatform.m in Sources */,
				DAF2CB141B83B8B000FC7FF1 /* plpTrain.m in Sources */,
				DA5B4A1A1B81133F009507F9 /* plpHero.m in Sources */,
				DA03CBEC199F4C4700406720 /* plpMyScene.m in Sources */,
				DA1BE6F01B81256000DA2E47 /* plpEnemy.m in Sources */,
				DA60FCB6223EBB88005276C6 /* plpSoundController.h in Sources */,
				DA5B7C98232C2E320009ECE6 /* plpButton.m in Sources */,
				DA9BC0502307335600ACC878 /* plpSoundViewController.m in Sources */,
			);
			runOnlyForDeploymentPostprocessing = 0;
		};
		DA03CBF1199F4C4700406720 /* Sources */ = {
			isa = PBXSourcesBuildPhase;
			buildActionMask = 2147483647;
			files = (
			);
			runOnlyForDeploymentPostprocessing = 0;
		};
		DA73B8491D02328300ED027D /* Sources */ = {
			isa = PBXSourcesBuildPhase;
			buildActionMask = 2147483647;
			files = (
			);
			runOnlyForDeploymentPostprocessing = 0;
		};
/* End PBXSourcesBuildPhase section */

/* Begin PBXTargetDependency section */
		DA03CBFB199F4C4700406720 /* PBXTargetDependency */ = {
			isa = PBXTargetDependency;
			target = DA03CBC9199F4C4700406720 /* Edgar_the_Explorer */;
			targetProxy = DA03CBFA199F4C4700406720 /* PBXContainerItemProxy */;
		};
		DA73B8531D02328400ED027D /* PBXTargetDependency */ = {
			isa = PBXTargetDependency;
			target = DA03CBC9199F4C4700406720 /* Edgar_the_Explorer */;
			targetProxy = DA73B8521D02328400ED027D /* PBXContainerItemProxy */;
		};
/* End PBXTargetDependency section */

/* Begin PBXVariantGroup section */
		DA03CBD8199F4C4700406720 /* InfoPlist.strings */ = {
			isa = PBXVariantGroup;
			children = (
				DA03CBD9199F4C4700406720 /* en */,
			);
			name = InfoPlist.strings;
			sourceTree = "<group>";
		};
		DA03CBE1199F4C4700406720 /* Main.storyboard */ = {
			isa = PBXVariantGroup;
			children = (
				DA03CBE2199F4C4700406720 /* Base */,
			);
			name = Main.storyboard;
			sourceTree = "<group>";
		};
/* End PBXVariantGroup section */

/* Begin XCBuildConfiguration section */
		DA03CC04199F4C4700406720 /* Debug */ = {
			isa = XCBuildConfiguration;
			buildSettings = {
				ALWAYS_SEARCH_USER_PATHS = NO;
				CLANG_CXX_LANGUAGE_STANDARD = "gnu++0x";
				CLANG_CXX_LIBRARY = "libc++";
				CLANG_ENABLE_MODULES = YES;
				CLANG_ENABLE_OBJC_ARC = YES;
				CLANG_WARN_BLOCK_CAPTURE_AUTORELEASING = YES;
				CLANG_WARN_BOOL_CONVERSION = YES;
				CLANG_WARN_COMMA = YES;
				CLANG_WARN_CONSTANT_CONVERSION = YES;
				CLANG_WARN_DEPRECATED_OBJC_IMPLEMENTATIONS = YES;
				CLANG_WARN_DIRECT_OBJC_ISA_USAGE = YES_ERROR;
				CLANG_WARN_EMPTY_BODY = YES;
				CLANG_WARN_ENUM_CONVERSION = YES;
				CLANG_WARN_INFINITE_RECURSION = YES;
				CLANG_WARN_INT_CONVERSION = YES;
				CLANG_WARN_NON_LITERAL_NULL_CONVERSION = YES;
				CLANG_WARN_OBJC_IMPLICIT_RETAIN_SELF = YES;
				CLANG_WARN_OBJC_LITERAL_CONVERSION = YES;
				CLANG_WARN_OBJC_ROOT_CLASS = YES_ERROR;
				CLANG_WARN_RANGE_LOOP_ANALYSIS = YES;
				CLANG_WARN_STRICT_PROTOTYPES = YES;
				CLANG_WARN_SUSPICIOUS_MOVE = YES;
				CLANG_WARN_UNREACHABLE_CODE = YES;
				CLANG_WARN__DUPLICATE_METHOD_MATCH = YES;
				CODE_SIGN_IDENTITY = "iPhone Developer: Paul Ronga (T4DF3235V8)";
				"CODE_SIGN_IDENTITY[sdk=iphoneos*]" = "iPhone Developer: Paul Ronga (T4DF3235V8)";
				COPY_PHASE_STRIP = NO;
				ENABLE_STRICT_OBJC_MSGSEND = YES;
				ENABLE_TESTABILITY = YES;
				GCC_C_LANGUAGE_STANDARD = gnu99;
				GCC_DYNAMIC_NO_PIC = NO;
				GCC_NO_COMMON_BLOCKS = NO;
				GCC_OPTIMIZATION_LEVEL = 0;
				GCC_PREPROCESSOR_DEFINITIONS = (
					"DEBUG=1",
					"$(inherited)",
				);
				GCC_SYMBOLS_PRIVATE_EXTERN = NO;
				GCC_WARN_64_TO_32_BIT_CONVERSION = YES;
				GCC_WARN_ABOUT_RETURN_TYPE = YES_ERROR;
				GCC_WARN_UNDECLARED_SELECTOR = YES;
				GCC_WARN_UNINITIALIZED_AUTOS = YES_AGGRESSIVE;
				GCC_WARN_UNUSED_FUNCTION = YES;
				GCC_WARN_UNUSED_VARIABLE = YES;
				IPHONEOS_DEPLOYMENT_TARGET = 10.1;
				ONLY_ACTIVE_ARCH = YES;
				SDKROOT = iphoneos;
				TARGETED_DEVICE_FAMILY = "1,2";
			};
			name = Debug;
		};
		DA03CC05199F4C4700406720 /* Release */ = {
			isa = XCBuildConfiguration;
			buildSettings = {
				ALWAYS_SEARCH_USER_PATHS = NO;
				CLANG_CXX_LANGUAGE_STANDARD = "gnu++0x";
				CLANG_CXX_LIBRARY = "libc++";
				CLANG_ENABLE_MODULES = YES;
				CLANG_ENABLE_OBJC_ARC = YES;
				CLANG_WARN_BLOCK_CAPTURE_AUTORELEASING = YES;
				CLANG_WARN_BOOL_CONVERSION = YES;
				CLANG_WARN_COMMA = YES;
				CLANG_WARN_CONSTANT_CONVERSION = YES;
				CLANG_WARN_DEPRECATED_OBJC_IMPLEMENTATIONS = YES;
				CLANG_WARN_DIRECT_OBJC_ISA_USAGE = YES_ERROR;
				CLANG_WARN_EMPTY_BODY = YES;
				CLANG_WARN_ENUM_CONVERSION = YES;
				CLANG_WARN_INFINITE_RECURSION = YES;
				CLANG_WARN_INT_CONVERSION = YES;
				CLANG_WARN_NON_LITERAL_NULL_CONVERSION = YES;
				CLANG_WARN_OBJC_IMPLICIT_RETAIN_SELF = YES;
				CLANG_WARN_OBJC_LITERAL_CONVERSION = YES;
				CLANG_WARN_OBJC_ROOT_CLASS = YES_ERROR;
				CLANG_WARN_RANGE_LOOP_ANALYSIS = YES;
				CLANG_WARN_STRICT_PROTOTYPES = YES;
				CLANG_WARN_SUSPICIOUS_MOVE = YES;
				CLANG_WARN_UNREACHABLE_CODE = YES;
				CLANG_WARN__DUPLICATE_METHOD_MATCH = YES;
				CODE_SIGN_IDENTITY = "iPhone Developer: solid949@gmail.com (5EKWCD9H42)";
				"CODE_SIGN_IDENTITY[sdk=iphoneos*]" = "iPhone Developer: Paul Ronga (T4DF3235V8)";
				COPY_PHASE_STRIP = YES;
				ENABLE_NS_ASSERTIONS = NO;
				ENABLE_STRICT_OBJC_MSGSEND = YES;
				GCC_C_LANGUAGE_STANDARD = gnu99;
				GCC_NO_COMMON_BLOCKS = NO;
				GCC_WARN_64_TO_32_BIT_CONVERSION = YES;
				GCC_WARN_ABOUT_RETURN_TYPE = YES_ERROR;
				GCC_WARN_UNDECLARED_SELECTOR = YES;
				GCC_WARN_UNINITIALIZED_AUTOS = YES_AGGRESSIVE;
				GCC_WARN_UNUSED_FUNCTION = YES;
				GCC_WARN_UNUSED_VARIABLE = YES;
				IPHONEOS_DEPLOYMENT_TARGET = 10.1;
				SDKROOT = iphoneos;
				SWIFT_COMPILATION_MODE = wholemodule;
				TARGETED_DEVICE_FAMILY = "1,2";
				VALIDATE_PRODUCT = YES;
			};
			name = Release;
		};
		DA03CC07199F4C4700406720 /* Debug */ = {
			isa = XCBuildConfiguration;
			buildSettings = {
				ASSETCATALOG_COMPILER_APPICON_NAME = AppIcon;
				CLANG_ENABLE_MODULES = YES;
				CODE_SIGN_IDENTITY = "iPhone Developer";
				"CODE_SIGN_IDENTITY[sdk=iphoneos*]" = "iPhone Developer";
				DEVELOPMENT_TEAM = QMNSE76DMB;
				GCC_PRECOMPILE_PREFIX_HEADER = YES;
				GCC_PREFIX_HEADER = "Maze Escape/Edgar_the_Explorer-Prefix.pch";
				INFOPLIST_FILE = "Maze Escape/Edgar_the_Explorer-Info.plist";
				IPHONEOS_DEPLOYMENT_TARGET = 10.1;
				LD_RUNPATH_SEARCH_PATHS = "$(inherited) @executable_path/Frameworks";
				PRODUCT_BUNDLE_IDENTIFIER = "Edgar-Explorer";
				PRODUCT_NAME = "Edgar Explorer";
				PROVISIONING_PROFILE = "";
				SPRITEKIT_TEXTURE_ATLAS_OUTPUT = YES;
				SWIFT_OBJC_BRIDGING_HEADER = "Maze Escape/Maze Escape-Bridging-Header.h";
				SWIFT_OPTIMIZATION_LEVEL = "-Onone";
				TARGETED_DEVICE_FAMILY = 1;
				WRAPPER_EXTENSION = app;
			};
			name = Debug;
		};
		DA03CC08199F4C4700406720 /* Release */ = {
			isa = XCBuildConfiguration;
			buildSettings = {
				ASSETCATALOG_COMPILER_APPICON_NAME = AppIcon;
				CLANG_ENABLE_MODULES = YES;
				CODE_SIGN_IDENTITY = "iPhone Developer";
				"CODE_SIGN_IDENTITY[sdk=iphoneos*]" = "iPhone Developer";
				DEVELOPMENT_TEAM = QMNSE76DMB;
				GCC_PRECOMPILE_PREFIX_HEADER = YES;
				GCC_PREFIX_HEADER = "Maze Escape/Edgar_the_Explorer-Prefix.pch";
				INFOPLIST_FILE = "Maze Escape/Edgar_the_Explorer-Info.plist";
				IPHONEOS_DEPLOYMENT_TARGET = 10.1;
				LD_RUNPATH_SEARCH_PATHS = "$(inherited) @executable_path/Frameworks";
				PRODUCT_BUNDLE_IDENTIFIER = "Edgar-Explorer";
				PRODUCT_NAME = "Edgar Explorer";
				PROVISIONING_PROFILE = "";
				SPRITEKIT_TEXTURE_ATLAS_OUTPUT = YES;
				SWIFT_OBJC_BRIDGING_HEADER = "Maze Escape/Maze Escape-Bridging-Header.h";
				TARGETED_DEVICE_FAMILY = 1;
				WRAPPER_EXTENSION = app;
			};
			name = Release;
		};
		DA03CC0A199F4C4700406720 /* Debug */ = {
			isa = XCBuildConfiguration;
			buildSettings = {
				BUNDLE_LOADER = "$(BUILT_PRODUCTS_DIR)/Maze Escape.app/Maze Escape";
				CODE_SIGN_IDENTITY = "iPhone Developer";
				CODE_SIGN_STYLE = Automatic;
				DEVELOPMENT_TEAM = QMNSE76DMB;
				FRAMEWORK_SEARCH_PATHS = (
					"$(SDKROOT)/Developer/Library/Frameworks",
					"$(inherited)",
					"$(DEVELOPER_FRAMEWORKS_DIR)",
				);
				GCC_PRECOMPILE_PREFIX_HEADER = YES;
				GCC_PREFIX_HEADER = "Maze Escape/Edgar_the_Explorer-Prefix.pch";
				GCC_PREPROCESSOR_DEFINITIONS = (
					"DEBUG=1",
					"$(inherited)",
				);
				INFOPLIST_FILE = "Maze EscapeTests/Maze EscapeTests-Info.plist";
				PRODUCT_NAME = Edgar_the_ExplorerTests;
				PROVISIONING_PROFILE_SPECIFIER = "";
				TEST_HOST = "$(BUNDLE_LOADER)";
				WRAPPER_EXTENSION = xctest;
			};
			name = Debug;
		};
		DA03CC0B199F4C4700406720 /* Release */ = {
			isa = XCBuildConfiguration;
			buildSettings = {
				BUNDLE_LOADER = "$(BUILT_PRODUCTS_DIR)/Maze Escape.app/Maze Escape";
				CODE_SIGN_IDENTITY = "iPhone Developer";
				CODE_SIGN_STYLE = Automatic;
				DEVELOPMENT_TEAM = QMNSE76DMB;
				FRAMEWORK_SEARCH_PATHS = (
					"$(SDKROOT)/Developer/Library/Frameworks",
					"$(inherited)",
					"$(DEVELOPER_FRAMEWORKS_DIR)",
				);
				GCC_PRECOMPILE_PREFIX_HEADER = YES;
				GCC_PREFIX_HEADER = "Maze Escape/Edgar_the_Explorer-Prefix.pch";
				INFOPLIST_FILE = "Maze EscapeTests/Maze EscapeTests-Info.plist";
				PRODUCT_NAME = Edgar_the_ExplorerTests;
				PROVISIONING_PROFILE_SPECIFIER = "";
				TEST_HOST = "$(BUNDLE_LOADER)";
				WRAPPER_EXTENSION = xctest;
			};
			name = Release;
		};
		DA73B8551D02328400ED027D /* Debug */ = {
			isa = XCBuildConfiguration;
			buildSettings = {
				CLANG_ANALYZER_NONNULL = YES;
				CLANG_WARN_UNREACHABLE_CODE = YES;
				"CODE_SIGN_IDENTITY[sdk=iphoneos*]" = "iPhone Developer";
				DEBUG_INFORMATION_FORMAT = dwarf;
				ENABLE_STRICT_OBJC_MSGSEND = YES;
				GCC_NO_COMMON_BLOCKS = YES;
				INFOPLIST_FILE = Edgar_Explorer_UITests4/Info.plist;
				IPHONEOS_DEPLOYMENT_TARGET = 9.3;
				LD_RUNPATH_SEARCH_PATHS = "$(inherited) @executable_path/Frameworks @loader_path/Frameworks";
				MTL_ENABLE_DEBUG_INFO = YES;
				PRODUCT_BUNDLE_IDENTIFIER = "polip.Edgar-Explorer-UITests4";
				PRODUCT_NAME = "$(TARGET_NAME)";
				SWIFT_OPTIMIZATION_LEVEL = "-Onone";
				TEST_TARGET_NAME = Edgar_the_Explorer;
			};
			name = Debug;
		};
		DA73B8561D02328400ED027D /* Release */ = {
			isa = XCBuildConfiguration;
			buildSettings = {
				CLANG_ANALYZER_NONNULL = YES;
				CLANG_WARN_UNREACHABLE_CODE = YES;
				"CODE_SIGN_IDENTITY[sdk=iphoneos*]" = "iPhone Developer";
				COPY_PHASE_STRIP = NO;
				DEBUG_INFORMATION_FORMAT = "dwarf-with-dsym";
				ENABLE_STRICT_OBJC_MSGSEND = YES;
				GCC_NO_COMMON_BLOCKS = YES;
				INFOPLIST_FILE = Edgar_Explorer_UITests4/Info.plist;
				IPHONEOS_DEPLOYMENT_TARGET = 9.3;
				LD_RUNPATH_SEARCH_PATHS = "$(inherited) @executable_path/Frameworks @loader_path/Frameworks";
				MTL_ENABLE_DEBUG_INFO = NO;
				PRODUCT_BUNDLE_IDENTIFIER = "polip.Edgar-Explorer-UITests4";
				PRODUCT_NAME = "$(TARGET_NAME)";
				TEST_TARGET_NAME = Edgar_the_Explorer;
			};
			name = Release;
		};
/* End XCBuildConfiguration section */

/* Begin XCConfigurationList section */
		DA03CBC5199F4C4700406720 /* Build configuration list for PBXProject "Edgar_the_Explorer" */ = {
			isa = XCConfigurationList;
			buildConfigurations = (
				DA03CC04199F4C4700406720 /* Debug */,
				DA03CC05199F4C4700406720 /* Release */,
			);
			defaultConfigurationIsVisible = 0;
			defaultConfigurationName = Release;
		};
		DA03CC06199F4C4700406720 /* Build configuration list for PBXNativeTarget "Edgar_the_Explorer" */ = {
			isa = XCConfigurationList;
			buildConfigurations = (
				DA03CC07199F4C4700406720 /* Debug */,
				DA03CC08199F4C4700406720 /* Release */,
			);
			defaultConfigurationIsVisible = 0;
			defaultConfigurationName = Release;
		};
		DA03CC09199F4C4700406720 /* Build configuration list for PBXNativeTarget "Edgar_the_ExplorerTests" */ = {
			isa = XCConfigurationList;
			buildConfigurations = (
				DA03CC0A199F4C4700406720 /* Debug */,
				DA03CC0B199F4C4700406720 /* Release */,
			);
			defaultConfigurationIsVisible = 0;
			defaultConfigurationName = Release;
		};
		DA73B8541D02328400ED027D /* Build configuration list for PBXNativeTarget "Edgar_Explorer_UITests4" */ = {
			isa = XCConfigurationList;
			buildConfigurations = (
				DA73B8551D02328400ED027D /* Debug */,
				DA73B8561D02328400ED027D /* Release */,
			);
			defaultConfigurationIsVisible = 0;
			defaultConfigurationName = Release;
		};
/* End XCConfigurationList section */
	};
	rootObject = DA03CBC2199F4C4700406720 /* Project object */;
}
